
Microsoft Visual Studio Solution File, Format Version 12.00
# Visual Studio Version 16
VisualStudioVersion = 16.0.31112.23
MinimumVisualStudioVersion = 10.0.40219.1
Project("{9A19103F-16F7-4668-BE54-9A1E7A4F7556}") = "GeneratingAllPosibleCombinationsWithRepetition", "Recursion\GeneratingAllPosibleCombinationsWithRepetition.csproj", "{788A33C4-25FF-49A8-A5FD-EDC62791051A}"
EndProject
Project("{9A19103F-16F7-4668-BE54-9A1E7A4F7556}") = "ReverseArray", "ReverseArray\ReverseArray.csproj", "{8389CF44-2899-43B0-9160-4AA9DC238F53}"
EndProject
Project("{FAE04EC0-301F-11D3-BF4B-00C04F79EFBC}") = "TowerOFHanoi", "TowerOFHanoi\TowerOFHanoi.csproj", "{5A2963FE-8BD5-4357-B127-0D366D3E343A}"
EndProject
Project("{FAE04EC0-301F-11D3-BF4B-00C04F79EFBC}") = "Recursive Sum Array", "Recursive Sum Array\Recursive Sum Array.csproj", "{A04D805B-BDB8-4BBF-B3EF-94B2443DD316}"
EndProject
Project("{FAE04EC0-301F-11D3-BF4B-00C04F79EFBC}") = "Recursive Factoriel", "Recursive Factoriel\Recursive Factoriel.csproj", "{A958A589-62E6-4619-AB7E-3DB09860CE8E}"
EndProject
Project("{FAE04EC0-301F-11D3-BF4B-00C04F79EFBC}") = "8 Queen Puzzle", "8 Queen Puzzle\8 Queen Puzzle.csproj", "{C8220AB4-D43F-4ED7-95F1-00043F79B8D2}"
EndProject
Global
	GlobalSection(SolutionConfigurationPlatforms) = preSolution
		Debug|Any CPU = Debug|Any CPU
		Release|Any CPU = Release|Any CPU
	EndGlobalSection
	GlobalSection(ProjectConfigurationPlatforms) = postSolution
		{788A33C4-25FF-49A8-A5FD-EDC62791051A}.Debug|Any CPU.ActiveCfg = Debug|Any CPU
		{788A33C4-25FF-49A8-A5FD-EDC62791051A}.Debug|Any CPU.Build.0 = Debug|Any CPU
		{788A33C4-25FF-49A8-A5FD-EDC62791051A}.Release|Any CPU.ActiveCfg = Release|Any CPU
		{788A33C4-25FF-49A8-A5FD-EDC62791051A}.Release|Any CPU.Build.0 = Release|Any CPU
		{8389CF44-2899-43B0-9160-4AA9DC238F53}.Debug|Any CPU.ActiveCfg = Debug|Any CPU
		{8389CF44-2899-43B0-9160-4AA9DC238F53}.Debug|Any CPU.Build.0 = Debug|Any CPU
		{8389CF44-2899-43B0-9160-4AA9DC238F53}.Release|Any CPU.ActiveCfg = Release|Any CPU
		{8389CF44-2899-43B0-9160-4AA9DC238F53}.Release|Any CPU.Build.0 = Release|Any CPU
		{5A2963FE-8BD5-4357-B127-0D366D3E343A}.Debug|Any CPU.ActiveCfg = Debug|Any CPU
		{5A2963FE-8BD5-4357-B127-0D366D3E343A}.Debug|Any CPU.Build.0 = Debug|Any CPU
		{5A2963FE-8BD5-4357-B127-0D366D3E343A}.Release|Any CPU.ActiveCfg = Release|Any CPU
		{5A2963FE-8BD5-4357-B127-0D366D3E343A}.Release|Any CPU.Build.0 = Release|Any CPU
		{A04D805B-BDB8-4BBF-B3EF-94B2443DD316}.Debug|Any CPU.ActiveCfg = Debug|Any CPU
		{A04D805B-BDB8-4BBF-B3EF-94B2443DD316}.Debug|Any CPU.Build.0 = Debug|Any CPU
		{A04D805B-BDB8-4BBF-B3EF-94B2443DD316}.Release|Any CPU.ActiveCfg = Release|Any CPU
		{A04D805B-BDB8-4BBF-B3EF-94B2443DD316}.Release|Any CPU.Build.0 = Release|Any CPU
		{A958A589-62E6-4619-AB7E-3DB09860CE8E}.Debug|Any CPU.ActiveCfg = Debug|Any CPU
		{A958A589-62E6-4619-AB7E-3DB09860CE8E}.Debug|Any CPU.Build.0 = Debug|Any CPU
		{A958A589-62E6-4619-AB7E-3DB09860CE8E}.Release|Any CPU.ActiveCfg = Release|Any CPU
		{A958A589-62E6-4619-AB7E-3DB09860CE8E}.Release|Any CPU.Build.0 = Release|Any CPU
		{C8220AB4-D43F-4ED7-95F1-00043F79B8D2}.Debug|Any CPU.ActiveCfg = Debug|Any CPU
		{C8220AB4-D43F-4ED7-95F1-00043F79B8D2}.Debug|Any CPU.Build.0 = Debug|Any CPU
		{C8220AB4-D43F-4ED7-95F1-00043F79B8D2}.Release|Any CPU.ActiveCfg = Release|Any CPU
		{C8220AB4-D43F-4ED7-95F1-00043F79B8D2}.Release|Any CPU.Build.0 = Release|Any CPU
	EndGlobalSection
	GlobalSection(SolutionProperties) = preSolution
		HideSolutionNode = FALSE
	EndGlobalSection
	GlobalSection(ExtensibilityGlobals) = postSolution
		SolutionGuid = {86C8589B-4BEE-41D9-9DF7-EF460061A536}
	EndGlobalSection
EndGlobal
